{
  "requires": true,
  "lockfileVersion": 1,
  "dependencies": {
    "async-limiter": {
      "version": "1.0.0",
      "resolved": "http://af.hikvision.com.cn:80/artifactory/api/npm/npm-BBG/async-limiter/-/async-limiter-1.0.0.tgz",
      "integrity": "sha1-ePrtjD0HSrgfIrTphdeehzj3IPg="
    },
    "ws": {
      "version": "7.0.0",
      "resolved": "http://af.hikvision.com.cn:80/artifactory/api/npm/npm-BBG/ws/-/ws-7.0.0.tgz",
      "integrity": "sha1-eTUcvD94Szwg0IIbr0tP+An/v1E=",
      "requires": {
        "async-limiter": "1.0.0"
      }
    }
  }
}
